// !$*UTF8*$!
{
	archiveVersion = 1;
	classes = {
	};
	objectVersion = 56;
	objects = {

/* Begin PBXBuildFile section */
		21CF73C1297A14D400EEA10C /* SortifyApp.swift in Sources */ = {isa = PBXBuildFile; fileRef = 21CF73C0297A14D400EEA10C /* SortifyApp.swift */; };
		21CF73C3297A14D400EEA10C /* ContentView.swift in Sources */ = {isa = PBXBuildFile; fileRef = 21CF73C2297A14D400EEA10C /* ContentView.swift */; };
		21CF73C5297A14D500EEA10C /* Assets.xcassets in Resources */ = {isa = PBXBuildFile; fileRef = 21CF73C4297A14D500EEA10C /* Assets.xcassets */; };
		21CF73C8297A14D500EEA10C /* Preview Assets.xcassets in Resources */ = {isa = PBXBuildFile; fileRef = 21CF73C7297A14D500EEA10C /* Preview Assets.xcassets */; };
		21CF73D2297A14D500EEA10C /* SortifyTests.swift in Sources */ = {isa = PBXBuildFile; fileRef = 21CF73D1297A14D500EEA10C /* SortifyTests.swift */; };
		21CF73DC297A14D500EEA10C /* SortifyUITests.swift in Sources */ = {isa = PBXBuildFile; fileRef = 21CF73DB297A14D500EEA10C /* SortifyUITests.swift */; };
		21CF73DE297A14D500EEA10C /* SortifyUITestsLaunchTests.swift in Sources */ = {isa = PBXBuildFile; fileRef = 21CF73DD297A14D500EEA10C /* SortifyUITestsLaunchTests.swift */; };
		21CF73EB297A153800EEA10C /* colorFile.swift in Sources */ = {isa = PBXBuildFile; fileRef = 21CF73EA297A153800EEA10C /* colorFile.swift */; };
		21CF73ED297A156100EEA10C /* sortifyVm.swift in Sources */ = {isa = PBXBuildFile; fileRef = 21CF73EC297A156100EEA10C /* sortifyVm.swift */; };
/* End PBXBuildFile section */

/* Begin PBXContainerItemProxy section */
		21CF73CE297A14D500EEA10C /* PBXContainerItemProxy */ = {
			isa = PBXContainerItemProxy;
			containerPortal = 21CF73B5297A14D400EEA10C /* Project object */;
			proxyType = 1;
			remoteGlobalIDString = 21CF73BC297A14D400EEA10C;
			remoteInfo = Sortify;
		};
		21CF73D8297A14D500EEA10C /* PBXContainerItemProxy */ = {
			isa = PBXContainerItemProxy;
			containerPortal = 21CF73B5297A14D400EEA10C /* Project object */;
			proxyType = 1;
			remoteGlobalIDString = 21CF73BC297A14D400EEA10C;
			remoteInfo = Sortify;
		};
/* End PBXContainerItemProxy section */

/* Begin PBXFileReference section */
		21CF73BD297A14D400EEA10C /* Sortify.app */ = {isa = PBXFileReference; explicitFileType = wrapper.application; includeInIndex = 0; path = Sortify.app; sourceTree = BUILT_PRODUCTS_DIR; };
		21CF73C0297A14D400EEA10C /* SortifyApp.swift */ = {isa = PBXFileReference; lastKnownFileType = sourcecode.swift; path = SortifyApp.swift; sourceTree = "<group>"; };
		21CF73C2297A14D400EEA10C /* ContentView.swift */ = {isa = PBXFileReference; lastKnownFileType = sourcecode.swift; path = ContentView.swift; sourceTree = "<group>"; };
		21CF73C4297A14D500EEA10C /* Assets.xcassets */ = {isa = PBXFileReference; lastKnownFileType = folder.assetcatalog; path = Assets.xcassets; sourceTree = "<group>"; };
		21CF73C7297A14D500EEA10C /* Preview Assets.xcassets */ = {isa = PBXFileReference; lastKnownFileType = folder.assetcatalog; path = "Preview Assets.xcassets"; sourceTree = "<group>"; };
		21CF73CD297A14D500EEA10C /* SortifyTests.xctest */ = {isa = PBXFileReference; explicitFileType = wrapper.cfbundle; includeInIndex = 0; path = SortifyTests.xctest; sourceTree = BUILT_PRODUCTS_DIR; };
		21CF73D1297A14D500EEA10C /* SortifyTests.swift */ = {isa = PBXFileReference; lastKnownFileType = sourcecode.swift; path = SortifyTests.swift; sourceTree = "<group>"; };
		21CF73D7297A14D500EEA10C /* SortifyUITests.xctest */ = {isa = PBXFileReference; explicitFileType = wrapper.cfbundle; includeInIndex = 0; path = SortifyUITests.xctest; sourceTree = BUILT_PRODUCTS_DIR; };
		21CF73DB297A14D500EEA10C /* SortifyUITests.swift */ = {isa = PBXFileReference; lastKnownFileType = sourcecode.swift; path = SortifyUITests.swift; sourceTree = "<group>"; };
		21CF73DD297A14D500EEA10C /* SortifyUITestsLaunchTests.swift */ = {isa = PBXFileReference; lastKnownFileType = sourcecode.swift; path = SortifyUITestsLaunchTests.swift; sourceTree = "<group>"; };
		21CF73EA297A153800EEA10C /* colorFile.swift */ = {isa = PBXFileReference; lastKnownFileType = sourcecode.swift; path = colorFile.swift; sourceTree = "<group>"; };
		21CF73EC297A156100EEA10C /* sortifyVm.swift */ = {isa = PBXFileReference; lastKnownFileType = sourcecode.swift; path = sortifyVm.swift; sourceTree = "<group>"; };
/* End PBXFileReference section */

/* Begin PBXFrameworksBuildPhase section */
		21CF73BA297A14D400EEA10C /* Frameworks */ = {
			isa = PBXFrameworksBuildPhase;
			buildActionMask = 2147483647;
			files = (
			);
			runOnlyForDeploymentPostprocessing = 0;
		};
		21CF73CA297A14D500EEA10C /* Frameworks */ = {
			isa = PBXFrameworksBuildPhase;
			buildActionMask = 2147483647;
			files = (
			);
			runOnlyForDeploymentPostprocessing = 0;
		};
		21CF73D4297A14D500EEA10C /* Frameworks */ = {
			isa = PBXFrameworksBuildPhase;
			buildActionMask = 2147483647;
			files = (
			);
			runOnlyForDeploymentPostprocessing = 0;
		};
/* End PBXFrameworksBuildPhase section */

/* Begin PBXGroup section */
		21CF73B4297A14D400EEA10C = {
			isa = PBXGroup;
			children = (
				21CF73BF297A14D400EEA10C /* Sortify */,
				21CF73D0297A14D500EEA10C /* SortifyTests */,
				21CF73DA297A14D500EEA10C /* SortifyUITests */,
				21CF73BE297A14D400EEA10C /* Products */,
			);
			sourceTree = "<group>";
		};
		21CF73BE297A14D400EEA10C /* Products */ = {
			isa = PBXGroup;
			children = (
				21CF73BD297A14D400EEA10C /* Sortify.app */,
				21CF73CD297A14D500EEA10C /* SortifyTests.xctest */,
				21CF73D7297A14D500EEA10C /* SortifyUITests.xctest */,
			);
			name = Products;
			sourceTree = "<group>";
		};
		21CF73BF297A14D400EEA10C /* Sortify */ = {
			isa = PBXGroup;
			children = (
				21CF73C0297A14D400EEA10C /* SortifyApp.swift */,
				21CF73C2297A14D400EEA10C /* ContentView.swift */,
				21CF73EC297A156100EEA10C /* sortifyVm.swift */,
				21CF73EA297A153800EEA10C /* colorFile.swift */,
				21CF73C4297A14D500EEA10C /* Assets.xcassets */,
				21CF73C6297A14D500EEA10C /* Preview Content */,
			);
			path = Sortify;
			sourceTree = "<group>";
		};
		21CF73C6297A14D500EEA10C /* Preview Content */ = {
			isa = PBXGroup;
			children = (
				21CF73C7297A14D500EEA10C /* Preview Assets.xcassets */,
			);
			path = "Preview Content";
			sourceTree = "<group>";
		};
		21CF73D0297A14D500EEA10C /* SortifyTests */ = {
			isa = PBXGroup;
			children = (
				21CF73D1297A14D500EEA10C /* SortifyTests.swift */,
			);
			path = SortifyTests;
			sourceTree = "<group>";
		};
		21CF73DA297A14D500EEA10C /* SortifyUITests */ = {
			isa = PBXGroup;
			children = (
				21CF73DB297A14D500EEA10C /* SortifyUITests.swift */,
				21CF73DD297A14D500EEA10C /* SortifyUITestsLaunchTests.swift */,
			);
			path = SortifyUITests;
			sourceTree = "<group>";
		};
/* End PBXGroup section */

/* Begin PBXNativeTarget section */
		21CF73BC297A14D400EEA10C /* Sortify */ = {
			isa = PBXNativeTarget;
			buildConfigurationList = 21CF73E1297A14D500EEA10C /* Build configuration list for PBXNativeTarget "Sortify" */;
			buildPhases = (
				21CF73B9297A14D400EEA10C /* Sources */,
				21CF73BA297A14D400EEA10C /* Frameworks */,
				21CF73BB297A14D400EEA10C /* Resources */,
			);
			buildRules = (
			);
			dependencies = (
			);
			name = Sortify;
			productName = Sortify;
			productReference = 21CF73BD297A14D400EEA10C /* Sortify.app */;
			productType = "com.apple.product-type.application";
		};
		21CF73CC297A14D500EEA10C /* SortifyTests */ = {
			isa = PBXNativeTarget;
			buildConfigurationList = 21CF73E4297A14D500EEA10C /* Build configuration list for PBXNativeTarget "SortifyTests" */;
			buildPhases = (
				21CF73C9297A14D500EEA10C /* Sources */,
				21CF73CA297A14D500EEA10C /* Frameworks */,
				21CF73CB297A14D500EEA10C /* Resources */,
			);
			buildRules = (
			);
			dependencies = (
				21CF73CF297A14D500EEA10C /* PBXTargetDependency */,
			);
			name = SortifyTests;
			productName = SortifyTests;
			productReference = 21CF73CD297A14D500EEA10C /* SortifyTests.xctest */;
			productType = "com.apple.product-type.bundle.unit-test";
		};
		21CF73D6297A14D500EEA10C /* SortifyUITests */ = {
			isa = PBXNativeTarget;
			buildConfigurationList = 21CF73E7297A14D500EEA10C /* Build configuration list for PBXNativeTarget "SortifyUITests" */;
			buildPhases = (
				21CF73D3297A14D500EEA10C /* Sources */,
				21CF73D4297A14D500EEA10C /* Frameworks */,
				21CF73D5297A14D500EEA10C /* Resources */,
			);
			buildRules = (
			);
			dependencies = (
				21CF73D9297A14D500EEA10C /* PBXTargetDependency */,
			);
			name = SortifyUITests;
			productName = SortifyUITests;
			productReference = 21CF73D7297A14D500EEA10C /* SortifyUITests.xctest */;
			productType = "com.apple.product-type.bundle.ui-testing";
		};
/* End PBXNativeTarget section */

/* Begin PBXProject section */
		21CF73B5297A14D400EEA10C /* Project object */ = {
			isa = PBXProject;
			attributes = {
				BuildIndependentTargetsInParallel = 1;
				LastSwiftUpdateCheck = 1420;
				LastUpgradeCheck = 1420;
				TargetAttributes = {
					21CF73BC297A14D400EEA10C = {
						CreatedOnToolsVersion = 14.2;
					};
					21CF73CC297A14D500EEA10C = {
						CreatedOnToolsVersion = 14.2;
						TestTargetID = 21CF73BC297A14D400EEA10C;
					};
					21CF73D6297A14D500EEA10C = {
						CreatedOnToolsVersion = 14.2;
						TestTargetID = 21CF73BC297A14D400EEA10C;
					};
				};
			};
			buildConfigurationList = 21CF73B8297A14D400EEA10C /* Build configuration list for PBXProject "Sortify" */;
			compatibilityVersion = "Xcode 14.0";
			developmentRegion = en;
			hasScannedForEncodings = 0;
			knownRegions = (
				en,
				Base,
			);
			mainGroup = 21CF73B4297A14D400EEA10C;
			productRefGroup = 21CF73BE297A14D400EEA10C /* Products */;
			projectDirPath = "";
			projectRoot = "";
			targets = (
				21CF73BC297A14D400EEA10C /* Sortify */,
				21CF73CC297A14D500EEA10C /* SortifyTests */,
				21CF73D6297A14D500EEA10C /* SortifyUITests */,
			);
		};
/* End PBXProject section */

/* Begin PBXResourcesBuildPhase section */
		21CF73BB297A14D400EEA10C /* Resources */ = {
			isa = PBXResourcesBuildPhase;
			buildActionMask = 2147483647;
			files = (
				21CF73C8297A14D500EEA10C /* Preview Assets.xcassets in Resources */,
				21CF73C5297A14D500EEA10C /* Assets.xcassets in Resources */,
			);
			runOnlyForDeploymentPostprocessing = 0;
		};
		21CF73CB297A14D500EEA10C /* Resources */ = {
			isa = PBXResourcesBuildPhase;
			buildActionMask = 2147483647;
			files = (
			);
			runOnlyForDeploymentPostprocessing = 0;
		};
		21CF73D5297A14D500EEA10C /* Resources */ = {
			isa = PBXResourcesBuildPhase;
			buildActionMask = 2147483647;
			files = (
			);
			runOnlyForDeploymentPostprocessing = 0;
		};
/* End PBXResourcesBuildPhase section */

/* Begin PBXSourcesBuildPhase section */
		21CF73B9297A14D400EEA10C /* Sources */ = {
			isa = PBXSourcesBuildPhase;
			buildActionMask = 2147483647;
			files = (
				21CF73EB297A153800EEA10C /* colorFile.swift in Sources */,
				21CF73ED297A156100EEA10C /* sortifyVm.swift in Sources */,
				21CF73C3297A14D400EEA10C /* ContentView.swift in Sources */,
				21CF73C1297A14D400EEA10C /* SortifyApp.swift in Sources */,
			);
			runOnlyForDeploymentPostprocessing = 0;
		};
		21CF73C9297A14D500EEA10C /* Sources */ = {
			isa = PBXSourcesBuildPhase;
			buildActionMask = 2147483647;
			files = (
				21CF73D2297A14D500EEA10C /* SortifyTests.swift in Sources */,
			);
			runOnlyForDeploymentPostprocessing = 0;
		};
		21CF73D3297A14D500EEA10C /* Sources */ = {
			isa = PBXSourcesBuildPhase;
			buildActionMask = 2147483647;
			files = (
				21CF73DC297A14D500EEA10C /* SortifyUITests.swift in Sources */,
				21CF73DE297A14D500EEA10C /* SortifyUITestsLaunchTests.swift in Sources */,
			);
			runOnlyForDeploymentPostprocessing = 0;
		};
/* End PBXSourcesBuildPhase section */

/* Begin PBXTargetDependency section */
		21CF73CF297A14D500EEA10C /* PBXTargetDependency */ = {
			isa = PBXTargetDependency;
			target = 21CF73BC297A14D400EEA10C /* Sortify */;
			targetProxy = 21CF73CE297A14D500EEA10C /* PBXContainerItemProxy */;
		};
		21CF73D9297A14D500EEA10C /* PBXTargetDependency */ = {
			isa = PBXTargetDependency;
			target = 21CF73BC297A14D400EEA10C /* Sortify */;
			targetProxy = 21CF73D8297A14D500EEA10C /* PBXContainerItemProxy */;
		};
/* End PBXTargetDependency section */

/* Begin XCBuildConfiguration section */
		21CF73DF297A14D500EEA10C /* Debug */ = {
			isa = XCBuildConfiguration;
			buildSettings = {
				ALWAYS_SEARCH_USER_PATHS = NO;
				CLANG_ANALYZER_NONNULL = YES;
				CLANG_ANALYZER_NUMBER_OBJECT_CONVERSION = YES_AGGRESSIVE;
				CLANG_CXX_LANGUAGE_STANDARD = "gnu++20";
				CLANG_ENABLE_MODULES = YES;
				CLANG_ENABLE_OBJC_ARC = YES;
				CLANG_ENABLE_OBJC_WEAK = YES;
				CLANG_WARN_BLOCK_CAPTURE_AUTORELEASING = YES;
				CLANG_WARN_BOOL_CONVERSION = YES;
				CLANG_WARN_COMMA = YES;
				CLANG_WARN_CONSTANT_CONVERSION = YES;
				CLANG_WARN_DEPRECATED_OBJC_IMPLEMENTATIONS = YES;
				CLANG_WARN_DIRECT_OBJC_ISA_USAGE = YES_ERROR;
				CLANG_WARN_DOCUMENTATION_COMMENTS = YES;
				CLANG_WARN_EMPTY_BODY = YES;
				CLANG_WARN_ENUM_CONVERSION = YES;
				CLANG_WARN_INFINITE_RECURSION = YES;
				CLANG_WARN_INT_CONVERSION = YES;
				CLANG_WARN_NON_LITERAL_NULL_CONVERSION = YES;
				CLANG_WARN_OBJC_IMPLICIT_RETAIN_SELF = YES;
				CLANG_WARN_OBJC_LITERAL_CONVERSION = YES;
				CLANG_WARN_OBJC_ROOT_CLASS = YES_ERROR;
				CLANG_WARN_QUOTED_INCLUDE_IN_FRAMEWORK_HEADER = YES;
				CLANG_WARN_RANGE_LOOP_ANALYSIS = YES;
				CLANG_WARN_STRICT_PROTOTYPES = YES;
				CLANG_WARN_SUSPICIOUS_MOVE = YES;
				CLANG_WARN_UNGUARDED_AVAILABILITY = YES_AGGRESSIVE;
				CLANG_WARN_UNREACHABLE_CODE = YES;
				CLANG_WARN__DUPLICATE_METHOD_MATCH = YES;
				COPY_PHASE_STRIP = NO;
				DEBUG_INFORMATION_FORMAT = dwarf;
				ENABLE_STRICT_OBJC_MSGSEND = YES;
				ENABLE_TESTABILITY = YES;
				GCC_C_LANGUAGE_STANDARD = gnu11;
				GCC_DYNAMIC_NO_PIC = NO;
				GCC_NO_COMMON_BLOCKS = YES;
				GCC_OPTIMIZATION_LEVEL = 0;
				GCC_PREPROCESSOR_DEFINITIONS = (
					"DEBUG=1",
					"$(inherited)",
				);
				GCC_WARN_64_TO_32_BIT_CONVERSION = YES;
				GCC_WARN_ABOUT_RETURN_TYPE = YES_ERROR;
				GCC_WARN_UNDECLARED_SELECTOR = YES;
				GCC_WARN_UNINITIALIZED_AUTOS = YES_AGGRESSIVE;
				GCC_WARN_UNUSED_FUNCTION = YES;
				GCC_WARN_UNUSED_VARIABLE = YES;
				IPHONEOS_DEPLOYMENT_TARGET = 16.2;
				MTL_ENABLE_DEBUG_INFO = INCLUDE_SOURCE;
				MTL_FAST_MATH = YES;
				ONLY_ACTIVE_ARCH = YES;
				SDKROOT = iphoneos;
				SWIFT_ACTIVE_COMPILATION_CONDITIONS = DEBUG;
				SWIFT_OPTIMIZATION_LEVEL = "-Onone";
			};
			name = Debug;
		};
		21CF73E0297A14D500EEA10C /* Release */ = {
			isa = XCBuildConfiguration;
			buildSettings = {
				ALWAYS_SEARCH_USER_PATHS = NO;
				CLANG_ANALYZER_NONNULL = YES;
				CLANG_ANALYZER_NUMBER_OBJECT_CONVERSION = YES_AGGRESSIVE;
				CLANG_CXX_LANGUAGE_STANDARD = "gnu++20";
				CLANG_ENABLE_MODULES = YES;
				CLANG_ENABLE_OBJC_ARC = YES;
				CLANG_ENABLE_OBJC_WEAK = YES;
				CLANG_WARN_BLOCK_CAPTURE_AUTORELEASING = YES;
				CLANG_WARN_BOOL_CONVERSION = YES;
				CLANG_WARN_COMMA = YES;
				CLANG_WARN_CONSTANT_CONVERSION = YES;
				CLANG_WARN_DEPRECATED_OBJC_IMPLEMENTATIONS = YES;
				CLANG_WARN_DIRECT_OBJC_ISA_USAGE = YES_ERROR;
				CLANG_WARN_DOCUMENTATION_COMMENTS = YES;
				CLANG_WARN_EMPTY_BODY = YES;
				CLANG_WARN_ENUM_CONVERSION = YES;
				CLANG_WARN_INFINITE_RECURSION = YES;
				CLANG_WARN_INT_CONVERSION = YES;
				CLANG_WARN_NON_LITERAL_NULL_CONVERSION = YES;
				CLANG_WARN_OBJC_IMPLICIT_RETAIN_SELF = YES;
				CLANG_WARN_OBJC_LITERAL_CONVERSION = YES;
				CLANG_WARN_OBJC_ROOT_CLASS = YES_ERROR;
				CLANG_WARN_QUOTED_INCLUDE_IN_FRAMEWORK_HEADER = YES;
				CLANG_WARN_RANGE_LOOP_ANALYSIS = YES;
				CLANG_WARN_STRICT_PROTOTYPES = YES;
				CLANG_WARN_SUSPICIOUS_MOVE = YES;
				CLANG_WARN_UNGUARDED_AVAILABILITY = YES_AGGRESSIVE;
				CLANG_WARN_UNREACHABLE_CODE = YES;
				CLANG_WARN__DUPLICATE_METHOD_MATCH = YES;
				COPY_PHASE_STRIP = NO;
				DEBUG_INFORMATION_FORMAT = "dwarf-with-dsym";
				ENABLE_NS_ASSERTIONS = NO;
				ENABLE_STRICT_OBJC_MSGSEND = YES;
				GCC_C_LANGUAGE_STANDARD = gnu11;
				GCC_NO_COMMON_BLOCKS = YES;
				GCC_WARN_64_TO_32_BIT_CONVERSION = YES;
				GCC_WARN_ABOUT_RETURN_TYPE = YES_ERROR;
				GCC_WARN_UNDECLARED_SELECTOR = YES;
				GCC_WARN_UNINITIALIZED_AUTOS = YES_AGGRESSIVE;
				GCC_WARN_UNUSED_FUNCTION = YES;
				GCC_WARN_UNUSED_VARIABLE = YES;
				IPHONEOS_DEPLOYMENT_TARGET = 16.2;
				MTL_ENABLE_DEBUG_INFO = NO;
				MTL_FAST_MATH = YES;
				SDKROOT = iphoneos;
				SWIFT_COMPILATION_MODE = wholemodule;
				SWIFT_OPTIMIZATION_LEVEL = "-O";
				VALIDATE_PRODUCT = YES;
			};
			name = Release;
		};
		21CF73E2297A14D500EEA10C /* Debug */ = {
			isa = XCBuildConfiguration;
			buildSettings = {
				ASSETCATALOG_COMPILER_APPICON_NAME = AppIcon;
				ASSETCATALOG_COMPILER_GLOBAL_ACCENT_COLOR_NAME = AccentColor;
				CODE_SIGN_STYLE = Automatic;
				CURRENT_PROJECT_VERSION = 1;
				DEVELOPMENT_ASSET_PATHS = "\"Sortify/Preview Content\"";
				ENABLE_PREVIEWS = YES;
				GENERATE_INFOPLIST_FILE = YES;
				INFOPLIST_KEY_UIApplicationSceneManifest_Generation = YES;
				INFOPLIST_KEY_UIApplicationSupportsIndirectInputEvents = YES;
				INFOPLIST_KEY_UILaunchScreen_Generation = YES;
				INFOPLIST_KEY_UISupportedInterfaceOrientations_iPad = "UIInterfaceOrientationPortrait UIInterfaceOrientationPortraitUpsideDown UIInterfaceOrientationLandscapeLeft UIInterfaceOrientationLandscapeRight";
				INFOPLIST_KEY_UISupportedInterfaceOrientations_iPhone = "UIInterfaceOrientationPortrait UIInterfaceOrientationLandscapeLeft UIInterfaceOrientationLandscapeRight";
				LD_RUNPATH_SEARCH_PATHS = (
					"$(inherited)",
					"@executable_path/Frameworks",
				);
				MARKETING_VERSION = 1.0;
				PRODUCT_BUNDLE_IDENTIFIER = swift.Sortify;
				PRODUCT_NAME = "$(TARGET_NAME)";
				SWIFT_EMIT_LOC_STRINGS = YES;
				SWIFT_VERSION = 5.0;
				TARGETED_DEVICE_FAMILY = "1,2";
			};
			name = Debug;
		};
		21CF73E3297A14D500EEA10C /* Release */ = {
			isa = XCBuildConfiguration;
			buildSettings = {
				ASSETCATALOG_COMPILER_APPICON_NAME = AppIcon;
				ASSETCATALOG_COMPILER_GLOBAL_ACCENT_COLOR_NAME = AccentColor;
				CODE_SIGN_STYLE = Automatic;
				CURRENT_PROJECT_VERSION = 1;
				DEVELOPMENT_ASSET_PATHS = "\"Sortify/Preview Content\"";
				ENABLE_PREVIEWS = YES;
				GENERATE_INFOPLIST_FILE = YES;
				INFOPLIST_KEY_UIApplicationSceneManifest_Generation = YES;
				INFOPLIST_KEY_UIApplicationSupportsIndirectInputEvents = YES;
				INFOPLIST_KEY_UILaunchScreen_Generation = YES;
				INFOPLIST_KEY_UISupportedInterfaceOrientations_iPad = "UIInterfaceOrientationPortrait UIInterfaceOrientationPortraitUpsideDown UIInterfaceOrientationLandscapeLeft UIInterfaceOrientationLandscapeRight";
				INFOPLIST_KEY_UISupportedInterfaceOrientations_iPhone = "UIInterfaceOrientationPortrait UIInterfaceOrientationLandscapeLeft UIInterfaceOrientationLandscapeRight";
				LD_RUNPATH_SEARCH_PATHS = (
					"$(inherited)",
					"@executable_path/Frameworks",
				);
				MARKETING_VERSION = 1.0;
				PRODUCT_BUNDLE_IDENTIFIER = swift.Sortify;
				PRODUCT_NAME = "$(TARGET_NAME)";
				SWIFT_EMIT_LOC_STRINGS = YES;
				SWIFT_VERSION = 5.0;
				TARGETED_DEVICE_FAMILY = "1,2";
			};
			name = Release;
		};
		21CF73E5297A14D500EEA10C /* Debug */ = {
			isa = XCBuildConfiguration;
			buildSettings = {
				ALWAYS_EMBED_SWIFT_STANDARD_LIBRARIES = YES;
				BUNDLE_LOADER = "$(TEST_HOST)";
				CODE_SIGN_STYLE = Automatic;
				CURRENT_PROJECT_VERSION = 1;
				GENERATE_INFOPLIST_FILE = YES;
				IPHONEOS_DEPLOYMENT_TARGET = 16.2;
				MARKETING_VERSION = 1.0;
				PRODUCT_BUNDLE_IDENTIFIER = swift.SortifyTests;
				PRODUCT_NAME = "$(TARGET_NAME)";
				SWIFT_EMIT_LOC_STRINGS = NO;
				SWIFT_VERSION = 5.0;
				TARGETED_DEVICE_FAMILY = "1,2";
				TEST_HOST = "$(BUILT_PRODUCTS_DIR)/Sortify.app/$(BUNDLE_EXECUTABLE_FOLDER_PATH)/Sortify";
			};
			name = Debug;
		};
		21CF73E6297A14D500EEA10C /* Release */ = {
			isa = XCBuildConfiguration;
			buildSettings = {
				ALWAYS_EMBED_SWIFT_STANDARD_LIBRARIES = YES;
				BUNDLE_LOADER = "$(TEST_HOST)";
				CODE_SIGN_STYLE = Automatic;
				CURRENT_PROJECT_VERSION = 1;
				GENERATE_INFOPLIST_FILE = YES;
				IPHONEOS_DEPLOYMENT_TARGET = 16.2;
				MARKETING_VERSION = 1.0;
				PRODUCT_BUNDLE_IDENTIFIER = swift.SortifyTests;
				PRODUCT_NAME = "$(TARGET_NAME)";
				SWIFT_EMIT_LOC_STRINGS = NO;
				SWIFT_VERSION = 5.0;
				TARGETED_DEVICE_FAMILY = "1,2";
				TEST_HOST = "$(BUILT_PRODUCTS_DIR)/Sortify.app/$(BUNDLE_EXECUTABLE_FOLDER_PATH)/Sortify";
			};
			name = Release;
		};
		21CF73E8297A14D500EEA10C /* Debug */ = {
			isa = XCBuildConfiguration;
			buildSettings = {
				ALWAYS_EMBED_SWIFT_STANDARD_LIBRARIES = YES;
				CODE_SIGN_STYLE = Automatic;
				CURRENT_PROJECT_VERSION = 1;
				GENERATE_INFOPLIST_FILE = YES;
				MARKETING_VERSION = 1.0;
				PRODUCT_BUNDLE_IDENTIFIER = swift.SortifyUITests;
				PRODUCT_NAME = "$(TARGET_NAME)";
				SWIFT_EMIT_LOC_STRINGS = NO;
				SWIFT_VERSION = 5.0;
				TARGETED_DEVICE_FAMILY = "1,2";
				TEST_TARGET_NAME = Sortify;
			};
			name = Debug;
		};
		21CF73E9297A14D500EEA10C /* Release */ = {
			isa = XCBuildConfiguration;
			buildSettings = {
				ALWAYS_EMBED_SWIFT_STANDARD_LIBRARIES = YES;
				CODE_SIGN_STYLE = Automatic;
				CURRENT_PROJECT_VERSION = 1;
				GENERATE_INFOPLIST_FILE = YES;
				MARKETING_VERSION = 1.0;
				PRODUCT_BUNDLE_IDENTIFIER = swift.SortifyUITests;
				PRODUCT_NAME = "$(TARGET_NAME)";
				SWIFT_EMIT_LOC_STRINGS = NO;
				SWIFT_VERSION = 5.0;
				TARGETED_DEVICE_FAMILY = "1,2";
				TEST_TARGET_NAME = Sortify;
			};
			name = Release;
		};
/* End XCBuildConfiguration section */

/* Begin XCConfigurationList section */
		21CF73B8297A14D400EEA10C /* Build configuration list for PBXProject "Sortify" */ = {
			isa = XCConfigurationList;
			buildConfigurations = (
				21CF73DF297A14D500EEA10C /* Debug */,
				21CF73E0297A14D500EEA10C /* Release */,
			);
			defaultConfigurationIsVisible = 0;
			defaultConfigurationName = Release;
		};
		21CF73E1297A14D500EEA10C /* Build configuration list for PBXNativeTarget "Sortify" */ = {
			isa = XCConfigurationList;
			buildConfigurations = (
				21CF73E2297A14D500EEA10C /* Debug */,
				21CF73E3297A14D500EEA10C /* Release */,
			);
			defaultConfigurationIsVisible = 0;
			defaultConfigurationName = Release;
		};
		21CF73E4297A14D500EEA10C /* Build configuration list for PBXNativeTarget "SortifyTests" */ = {
			isa = XCConfigurationList;
			buildConfigurations = (
				21CF73E5297A14D500EEA10C /* Debug */,
				21CF73E6297A14D500EEA10C /* Release */,
			);
			defaultConfigurationIsVisible = 0;
			defaultConfigurationName = Release;
		};
		21CF73E7297A14D500EEA10C /* Build configuration list for PBXNativeTarget "SortifyUITests" */ = {
			isa = XCConfigurationList;
			buildConfigurations = (
				21CF73E8297A14D500EEA10C /* Debug */,
				21CF73E9297A14D500EEA10C /* Release */,
			);
			defaultConfigurationIsVisible = 0;
			defaultConfigurationName = Release;
		};
/* End XCConfigurationList section */
	};
	rootObject = 21CF73B5297A14D400EEA10C /* Project object */;
}
